{
  "object": {
    "pins": [
      {
        "package": "CoronaErrors",
        "repositoryURL": "https://github.com/CooperCorona/CoronaErrors.git",
        "state": {
          "branch": "Swift5",
          "revision": "6f47f484f99523cfbd8ee4e7657a11f558c3253e",
          "version": null
        }
      }
    ]
  },
  "version": 1
}
